// !$*UTF8*$!
{
	archiveVersion = 1;
	classes = {
	};
	objectVersion = 46;
	objects = {

/* Begin PBXBuildFile section */
		AC03C1B71CB680060039DBC2 /* main.c in Sources */ = {isa = PBXBuildFile; fileRef = AC03C1B61CB680060039DBC2 /* main.c */; };
		AC03C1C31CB686830039DBC2 /* ZHPrintFunction.c in Sources */ = {isa = PBXBuildFile; fileRef = AC03C1C11CB686830039DBC2 /* ZHPrintFunction.c */; };
		AC03C1C61CB68C990039DBC2 /* ZHPrintTypesVariables.c in Sources */ = {isa = PBXBuildFile; fileRef = AC03C1C41CB68C990039DBC2 /* ZHPrintTypesVariables.c */; };
		AC03C1C91CB6C6EF0039DBC2 /* ZHRunAplication.c in Sources */ = {isa = PBXBuildFile; fileRef = AC03C1C71CB6C6EF0039DBC2 /* ZHRunAplication.c */; };
		AC03C1CC1CBA6F920039DBC2 /* ZHTask5.c in Sources */ = {isa = PBXBuildFile; fileRef = AC03C1CA1CBA6F920039DBC2 /* ZHTask5.c */; };
		AC2529211CF2E3310073DB49 /* ZHArrayTests.c in Sources */ = {isa = PBXBuildFile; fileRef = AC25291F1CF2E3310073DB49 /* ZHArrayTests.c */; };
		AC2529241CF32D9A0073DB49 /* ZHTestRun.c in Sources */ = {isa = PBXBuildFile; fileRef = AC2529221CF32D9A0073DB49 /* ZHTestRun.c */; };
		AC6796191CEA073C0035AD62 /* ZHString.c in Sources */ = {isa = PBXBuildFile; fileRef = AC6796171CEA073C0035AD62 /* ZHString.c */; };
		ACA9F7761CF46EA800CF425D /* ZHLinkedList.c in Sources */ = {isa = PBXBuildFile; fileRef = ACA9F7741CF46EA800CF425D /* ZHLinkedList.c */; };
		ACA9F77B1CF47BBC00CF425D /* ZHLinkedListNode.c in Sources */ = {isa = PBXBuildFile; fileRef = ACA9F7791CF47BBC00CF425D /* ZHLinkedListNode.c */; };
		ACA9F77E1CF4977200CF425D /* ZHLinkedListEnumerator.c in Sources */ = {isa = PBXBuildFile; fileRef = ACA9F77C1CF4977200CF425D /* ZHLinkedListEnumerator.c */; };
		ACCDF2021CD25497001E3E5D /* ZHObject.c in Sources */ = {isa = PBXBuildFile; fileRef = ACCDF2001CD25497001E3E5D /* ZHObject.c */; };
		ACCFACDE1D05E65800942E92 /* ZHLinkedListTest.c in Sources */ = {isa = PBXBuildFile; fileRef = ACCFACDC1D05E65800942E92 /* ZHLinkedListTest.c */; };
		ACD15F5C1CC934AA00F7DADF /* ZHStructuresTest.c in Sources */ = {isa = PBXBuildFile; fileRef = ACD15F5A1CC934AA00F7DADF /* ZHStructuresTest.c */; };
		ACD15F5F1CC937BF00F7DADF /* ZHPrintNumberFunction.c in Sources */ = {isa = PBXBuildFile; fileRef = ACD15F5D1CC937BF00F7DADF /* ZHPrintNumberFunction.c */; };
		ACD2FB811CC50CB300F91886 /* ZHMacrosOutputFunction.c in Sources */ = {isa = PBXBuildFile; fileRef = ACD2FB7F1CC50CB300F91886 /* ZHMacrosOutputFunction.c */; };
		ACD2FB841CC5104500F91886 /* ZHRunStrutureTask.c in Sources */ = {isa = PBXBuildFile; fileRef = ACD2FB821CC5104500F91886 /* ZHRunStrutureTask.c */; };
		ACE1A7D51CEA4CC100FB1E03 /* ZHArray.c in Sources */ = {isa = PBXBuildFile; fileRef = ACE1A7D31CEA4CC100FB1E03 /* ZHArray.c */; };
		ACF0BD3D1CCFC97E006506CF /* ZHHuman.c in Sources */ = {isa = PBXBuildFile; fileRef = ACF0BD3B1CCFC97E006506CF /* ZHHuman.c */; };
/* End PBXBuildFile section */

/* Begin PBXCopyFilesBuildPhase section */
		AC03C1B11CB680060039DBC2 /* CopyFiles */ = {
			isa = PBXCopyFilesBuildPhase;
			buildActionMask = 2147483647;
			dstPath = /usr/share/man/man1/;
			dstSubfolderSpec = 0;
			files = (
			);
			runOnlyForDeploymentPostprocessing = 1;
		};
/* End PBXCopyFilesBuildPhase section */

/* Begin PBXFileReference section */
		AC03C1B31CB680060039DBC2 /* Lesson1 */ = {isa = PBXFileReference; explicitFileType = "compiled.mach-o.executable"; includeInIndex = 0; path = Lesson1; sourceTree = BUILT_PRODUCTS_DIR; };
		AC03C1B61CB680060039DBC2 /* main.c */ = {isa = PBXFileReference; lastKnownFileType = sourcecode.c.c; path = main.c; sourceTree = "<group>"; };
		AC03C1C11CB686830039DBC2 /* ZHPrintFunction.c */ = {isa = PBXFileReference; fileEncoding = 4; lastKnownFileType = sourcecode.c.c; path = ZHPrintFunction.c; sourceTree = "<group>"; };
		AC03C1C21CB686830039DBC2 /* ZHPrintFunction.h */ = {isa = PBXFileReference; fileEncoding = 4; lastKnownFileType = sourcecode.c.h; path = ZHPrintFunction.h; sourceTree = "<group>"; };
		AC03C1C41CB68C990039DBC2 /* ZHPrintTypesVariables.c */ = {isa = PBXFileReference; fileEncoding = 4; lastKnownFileType = sourcecode.c.c; path = ZHPrintTypesVariables.c; sourceTree = "<group>"; };
		AC03C1C51CB68C990039DBC2 /* ZHPrintTypesVariables.h */ = {isa = PBXFileReference; fileEncoding = 4; lastKnownFileType = sourcecode.c.h; path = ZHPrintTypesVariables.h; sourceTree = "<group>"; };
		AC03C1C71CB6C6EF0039DBC2 /* ZHRunAplication.c */ = {isa = PBXFileReference; fileEncoding = 4; lastKnownFileType = sourcecode.c.c; path = ZHRunAplication.c; sourceTree = "<group>"; };
		AC03C1C81CB6C6EF0039DBC2 /* ZHRunAplication.h */ = {isa = PBXFileReference; fileEncoding = 4; lastKnownFileType = sourcecode.c.h; path = ZHRunAplication.h; sourceTree = "<group>"; };
		AC03C1CA1CBA6F920039DBC2 /* ZHTask5.c */ = {isa = PBXFileReference; fileEncoding = 4; lastKnownFileType = sourcecode.c.c; path = ZHTask5.c; sourceTree = "<group>"; };
		AC03C1CB1CBA6F920039DBC2 /* ZHTask5.h */ = {isa = PBXFileReference; fileEncoding = 4; lastKnownFileType = sourcecode.c.h; path = ZHTask5.h; sourceTree = "<group>"; };
		AC25291F1CF2E3310073DB49 /* ZHArrayTests.c */ = {isa = PBXFileReference; fileEncoding = 4; lastKnownFileType = sourcecode.c.c; path = ZHArrayTests.c; sourceTree = "<group>"; };
		AC2529201CF2E3310073DB49 /* ZHArrayTests.h */ = {isa = PBXFileReference; fileEncoding = 4; lastKnownFileType = sourcecode.c.h; path = ZHArrayTests.h; sourceTree = "<group>"; };
		AC2529221CF32D9A0073DB49 /* ZHTestRun.c */ = {isa = PBXFileReference; fileEncoding = 4; lastKnownFileType = sourcecode.c.c; path = ZHTestRun.c; sourceTree = "<group>"; };
		AC2529231CF32D9A0073DB49 /* ZHTestRun.h */ = {isa = PBXFileReference; fileEncoding = 4; lastKnownFileType = sourcecode.c.h; path = ZHTestRun.h; sourceTree = "<group>"; };
		AC6796171CEA073C0035AD62 /* ZHString.c */ = {isa = PBXFileReference; fileEncoding = 4; lastKnownFileType = sourcecode.c.c; path = ZHString.c; sourceTree = "<group>"; };
		AC6796181CEA073C0035AD62 /* ZHString.h */ = {isa = PBXFileReference; fileEncoding = 4; lastKnownFileType = sourcecode.c.h; path = ZHString.h; sourceTree = "<group>"; };
		ACA9F7741CF46EA800CF425D /* ZHLinkedList.c */ = {isa = PBXFileReference; fileEncoding = 4; lastKnownFileType = sourcecode.c.c; path = ZHLinkedList.c; sourceTree = "<group>"; };
		ACA9F7751CF46EA800CF425D /* ZHLinkedList.h */ = {isa = PBXFileReference; fileEncoding = 4; lastKnownFileType = sourcecode.c.h; path = ZHLinkedList.h; sourceTree = "<group>"; };
		ACA9F7791CF47BBC00CF425D /* ZHLinkedListNode.c */ = {isa = PBXFileReference; fileEncoding = 4; lastKnownFileType = sourcecode.c.c; path = ZHLinkedListNode.c; sourceTree = "<group>"; };
		ACA9F77A1CF47BBC00CF425D /* ZHLinkedListNode.h */ = {isa = PBXFileReference; fileEncoding = 4; lastKnownFileType = sourcecode.c.h; path = ZHLinkedListNode.h; sourceTree = "<group>"; };
		ACA9F77C1CF4977200CF425D /* ZHLinkedListEnumerator.c */ = {isa = PBXFileReference; fileEncoding = 4; lastKnownFileType = sourcecode.c.c; path = ZHLinkedListEnumerator.c; sourceTree = "<group>"; };
		ACA9F77D1CF4977200CF425D /* ZHLinkedListEnumerator.h */ = {isa = PBXFileReference; fileEncoding = 4; lastKnownFileType = sourcecode.c.h; path = ZHLinkedListEnumerator.h; sourceTree = "<group>"; };
		ACA9F7821CF58EF300CF425D /* ZHLinkedListPrivate.h */ = {isa = PBXFileReference; fileEncoding = 4; lastKnownFileType = sourcecode.c.h; path = ZHLinkedListPrivate.h; sourceTree = "<group>"; };
		ACCDF2001CD25497001E3E5D /* ZHObject.c */ = {isa = PBXFileReference; fileEncoding = 4; lastKnownFileType = sourcecode.c.c; path = ZHObject.c; sourceTree = "<group>"; };
		ACCDF2011CD25497001E3E5D /* ZHObject.h */ = {isa = PBXFileReference; fileEncoding = 4; lastKnownFileType = sourcecode.c.h; path = ZHObject.h; sourceTree = "<group>"; };
		ACCFACDC1D05E65800942E92 /* ZHLinkedListTest.c */ = {isa = PBXFileReference; fileEncoding = 4; lastKnownFileType = sourcecode.c.c; path = ZHLinkedListTest.c; sourceTree = "<group>"; };
		ACCFACDD1D05E65800942E92 /* ZHLinkedListTest.h */ = {isa = PBXFileReference; fileEncoding = 4; lastKnownFileType = sourcecode.c.h; path = ZHLinkedListTest.h; sourceTree = "<group>"; };
		ACD15F5A1CC934AA00F7DADF /* ZHStructuresTest.c */ = {isa = PBXFileReference; fileEncoding = 4; lastKnownFileType = sourcecode.c.c; name = ZHStructuresTest.c; path = ../../ZHStructureTask/ZHStructuresTest.c; sourceTree = "<group>"; };
		ACD15F5B1CC934AA00F7DADF /* ZHRunStrutureTask.h */ = {isa = PBXFileReference; fileEncoding = 4; lastKnownFileType = sourcecode.c.h; name = ZHRunStrutureTask.h; path = ../../ZHStructureTask/ZHRunStrutureTask.h; sourceTree = "<group>"; };
		ACD15F5D1CC937BF00F7DADF /* ZHPrintNumberFunction.c */ = {isa = PBXFileReference; fileEncoding = 4; lastKnownFileType = sourcecode.c.c; path = ZHPrintNumberFunction.c; sourceTree = "<group>"; };
		ACD15F5E1CC937BF00F7DADF /* ZHPrintNumberFunction.h */ = {isa = PBXFileReference; fileEncoding = 4; lastKnownFileType = sourcecode.c.h; path = ZHPrintNumberFunction.h; sourceTree = "<group>"; };
		ACD2FB7F1CC50CB300F91886 /* ZHMacrosOutputFunction.c */ = {isa = PBXFileReference; fileEncoding = 4; lastKnownFileType = sourcecode.c.c; name = ZHMacrosOutputFunction.c; path = ../../ZHStructureTask/ZHMacrosOutputFunction.c; sourceTree = "<group>"; };
		ACD2FB801CC50CB300F91886 /* ZHMacrosOutputFunction.h */ = {isa = PBXFileReference; fileEncoding = 4; lastKnownFileType = sourcecode.c.h; name = ZHMacrosOutputFunction.h; path = ../../ZHStructureTask/ZHMacrosOutputFunction.h; sourceTree = "<group>"; };
		ACD2FB821CC5104500F91886 /* ZHRunStrutureTask.c */ = {isa = PBXFileReference; fileEncoding = 4; lastKnownFileType = sourcecode.c.c; name = ZHRunStrutureTask.c; path = ../../ZHStructureTask/ZHRunStrutureTask.c; sourceTree = "<group>"; };
		ACD2FB831CC5104500F91886 /* ZHRunStrutureTask.h */ = {isa = PBXFileReference; fileEncoding = 4; lastKnownFileType = sourcecode.c.h; name = ZHRunStrutureTask.h; path = ../../ZHStructureTask/ZHRunStrutureTask.h; sourceTree = "<group>"; };
		ACE1A7D31CEA4CC100FB1E03 /* ZHArray.c */ = {isa = PBXFileReference; fileEncoding = 4; lastKnownFileType = sourcecode.c.c; path = ZHArray.c; sourceTree = "<group>"; };
		ACE1A7D41CEA4CC100FB1E03 /* ZHArray.h */ = {isa = PBXFileReference; fileEncoding = 4; lastKnownFileType = sourcecode.c.h; path = ZHArray.h; sourceTree = "<group>"; };
		ACF0BD3B1CCFC97E006506CF /* ZHHuman.c */ = {isa = PBXFileReference; fileEncoding = 4; lastKnownFileType = sourcecode.c.c; name = ZHHuman.c; path = Lesson1/Source/ZHHuman/ZHHuman.c; sourceTree = SOURCE_ROOT; };
		ACF0BD3C1CCFC97E006506CF /* ZHHuman.h */ = {isa = PBXFileReference; fileEncoding = 4; lastKnownFileType = sourcecode.c.h; name = ZHHuman.h; path = Lesson1/Source/ZHHuman/ZHHuman.h; sourceTree = SOURCE_ROOT; };
/* End PBXFileReference section */

/* Begin PBXFrameworksBuildPhase section */
		AC03C1B01CB680060039DBC2 /* Frameworks */ = {
			isa = PBXFrameworksBuildPhase;
			buildActionMask = 2147483647;
			files = (
			);
			runOnlyForDeploymentPostprocessing = 0;
		};
/* End PBXFrameworksBuildPhase section */

/* Begin PBXGroup section */
		AC03C1AA1CB680060039DBC2 = {
			isa = PBXGroup;
			children = (
				AC03C1B51CB680060039DBC2 /* Lesson1 */,
				AC25291D1CF2E2FF0073DB49 /* Tests */,
				AC03C1B41CB680060039DBC2 /* Products */,
			);
			sourceTree = "<group>";
		};
		AC03C1B41CB680060039DBC2 /* Products */ = {
			isa = PBXGroup;
			children = (
				AC03C1B31CB680060039DBC2 /* Lesson1 */,
			);
			name = Products;
			sourceTree = "<group>";
		};
		AC03C1B51CB680060039DBC2 /* Lesson1 */ = {
			isa = PBXGroup;
			children = (
				AC03C1BD1CB680240039DBC2 /* Source */,
				AC03C1B61CB680060039DBC2 /* main.c */,
			);
			path = Lesson1;
			sourceTree = "<group>";
		};
		AC03C1BD1CB680240039DBC2 /* Source */ = {
			isa = PBXGroup;
			children = (
				AC9EBD261CD253D200283F87 /* ZHStructureTask */,
				ACD15F591CC9330800F7DADF /* ZHPrintFuntion */,
				AC03C1C71CB6C6EF0039DBC2 /* ZHRunAplication.c */,
				AC03C1C81CB6C6EF0039DBC2 /* ZHRunAplication.h */,
				ACA9F7731CF46E6A00CF425D /* ZHLinkedList */,
				AC9EBD251CD2535000283F87 /* ZHHuman */,
			);
			path = Source;
			sourceTree = "<group>";
		};
		AC25291D1CF2E2FF0073DB49 /* Tests */ = {
			isa = PBXGroup;
			children = (
				ACCFACDB1D05E63500942E92 /* ZHLinkedListTest */,
				AC25291E1CF2E2FF0073DB49 /* ZHArrayTests */,
				AC2529221CF32D9A0073DB49 /* ZHTestRun.c */,
				AC2529231CF32D9A0073DB49 /* ZHTestRun.h */,
			);
			path = Tests;
			sourceTree = "<group>";
		};
		AC25291E1CF2E2FF0073DB49 /* ZHArrayTests */ = {
			isa = PBXGroup;
			children = (
				AC25291F1CF2E3310073DB49 /* ZHArrayTests.c */,
				AC2529201CF2E3310073DB49 /* ZHArrayTests.h */,
			);
			path = ZHArrayTests;
			sourceTree = "<group>";
		};
		AC9EBD251CD2535000283F87 /* ZHHuman */ = {
			isa = PBXGroup;
			children = (
				ACCDF2001CD25497001E3E5D /* ZHObject.c */,
				ACCDF2011CD25497001E3E5D /* ZHObject.h */,
				AC6796171CEA073C0035AD62 /* ZHString.c */,
				AC6796181CEA073C0035AD62 /* ZHString.h */,
				ACE1A7D31CEA4CC100FB1E03 /* ZHArray.c */,
				ACE1A7D41CEA4CC100FB1E03 /* ZHArray.h */,
				ACF0BD3B1CCFC97E006506CF /* ZHHuman.c */,
				ACF0BD3C1CCFC97E006506CF /* ZHHuman.h */,
			);
			path = ZHHuman;
			sourceTree = "<group>";
		};
		AC9EBD261CD253D200283F87 /* ZHStructureTask */ = {
			isa = PBXGroup;
			children = (
				ACD2FB7F1CC50CB300F91886 /* ZHMacrosOutputFunction.c */,
				ACD2FB801CC50CB300F91886 /* ZHMacrosOutputFunction.h */,
				ACD2FB821CC5104500F91886 /* ZHRunStrutureTask.c */,
				ACD2FB831CC5104500F91886 /* ZHRunStrutureTask.h */,
				ACD15F5A1CC934AA00F7DADF /* ZHStructuresTest.c */,
				ACD15F5B1CC934AA00F7DADF /* ZHRunStrutureTask.h */,
			);
			name = ZHStructureTask;
			path = ZHPrintFuntion/ZHStructureTask;
			sourceTree = "<group>";
		};
		ACA9F7731CF46E6A00CF425D /* ZHLinkedList */ = {
			isa = PBXGroup;
			children = (
				ACA9F7781CF47BA900CF425D /* ZHLinkedListEnumerator */,
				ACA9F7771CF47B6500CF425D /* ZHLinkedListNode */,
				ACA9F7741CF46EA800CF425D /* ZHLinkedList.c */,
				ACA9F7751CF46EA800CF425D /* ZHLinkedList.h */,
				ACA9F7821CF58EF300CF425D /* ZHLinkedListPrivate.h */,
			);
			path = ZHLinkedList;
			sourceTree = "<group>";
		};
		ACA9F7771CF47B6500CF425D /* ZHLinkedListNode */ = {
			isa = PBXGroup;
			children = (
				ACA9F7791CF47BBC00CF425D /* ZHLinkedListNode.c */,
				ACA9F77A1CF47BBC00CF425D /* ZHLinkedListNode.h */,
			);
			path = ZHLinkedListNode;
			sourceTree = "<group>";
		};
		ACA9F7781CF47BA900CF425D /* ZHLinkedListEnumerator */ = {
			isa = PBXGroup;
			children = (
				ACA9F77C1CF4977200CF425D /* ZHLinkedListEnumerator.c */,
				ACA9F77D1CF4977200CF425D /* ZHLinkedListEnumerator.h */,
			);
			path = ZHLinkedListEnumerator;
			sourceTree = "<group>";
		};
		ACCFACDB1D05E63500942E92 /* ZHLinkedListTest */ = {
			isa = PBXGroup;
			children = (
				ACCFACDC1D05E65800942E92 /* ZHLinkedListTest.c */,
				ACCFACDD1D05E65800942E92 /* ZHLinkedListTest.h */,
			);
			path = ZHLinkedListTest;
			sourceTree = "<group>";
		};
		ACD15F591CC9330800F7DADF /* ZHPrintFuntion */ = {
			isa = PBXGroup;
			children = (
				ACD15F5D1CC937BF00F7DADF /* ZHPrintNumberFunction.c */,
				ACD15F5E1CC937BF00F7DADF /* ZHPrintNumberFunction.h */,
				AC03C1C41CB68C990039DBC2 /* ZHPrintTypesVariables.c */,
				AC03C1C51CB68C990039DBC2 /* ZHPrintTypesVariables.h */,
				AC03C1C11CB686830039DBC2 /* ZHPrintFunction.c */,
				AC03C1C21CB686830039DBC2 /* ZHPrintFunction.h */,
				AC03C1CA1CBA6F920039DBC2 /* ZHTask5.c */,
				AC03C1CB1CBA6F920039DBC2 /* ZHTask5.h */,
			);
			path = ZHPrintFuntion;
			sourceTree = "<group>";
		};
/* End PBXGroup section */

/* Begin PBXNativeTarget section */
		AC03C1B21CB680060039DBC2 /* Lesson1 */ = {
			isa = PBXNativeTarget;
			buildConfigurationList = AC03C1BA1CB680060039DBC2 /* Build configuration list for PBXNativeTarget "Lesson1" */;
			buildPhases = (
				AC03C1AF1CB680060039DBC2 /* Sources */,
				AC03C1B01CB680060039DBC2 /* Frameworks */,
				AC03C1B11CB680060039DBC2 /* CopyFiles */,
			);
			buildRules = (
			);
			dependencies = (
			);
			name = Lesson1;
			productName = Lesson1;
			productReference = AC03C1B31CB680060039DBC2 /* Lesson1 */;
			productType = "com.apple.product-type.tool";
		};
/* End PBXNativeTarget section */

/* Begin PBXProject section */
		AC03C1AB1CB680060039DBC2 /* Project object */ = {
			isa = PBXProject;
			attributes = {
				LastUpgradeCheck = 0730;
				ORGANIZATIONNAME = "Artem Zhavrotskiy";
				TargetAttributes = {
					AC03C1B21CB680060039DBC2 = {
						CreatedOnToolsVersion = 7.3;
					};
				};
			};
			buildConfigurationList = AC03C1AE1CB680060039DBC2 /* Build configuration list for PBXProject "Lesson1" */;
			compatibilityVersion = "Xcode 3.2";
			developmentRegion = English;
			hasScannedForEncodings = 0;
			knownRegions = (
				en,
			);
			mainGroup = AC03C1AA1CB680060039DBC2;
			productRefGroup = AC03C1B41CB680060039DBC2 /* Products */;
			projectDirPath = "";
			projectRoot = "";
			targets = (
				AC03C1B21CB680060039DBC2 /* Lesson1 */,
			);
		};
/* End PBXProject section */

/* Begin PBXSourcesBuildPhase section */
		AC03C1AF1CB680060039DBC2 /* Sources */ = {
			isa = PBXSourcesBuildPhase;
			buildActionMask = 2147483647;
			files = (
				AC03C1CC1CBA6F920039DBC2 /* ZHTask5.c in Sources */,
				AC2529211CF2E3310073DB49 /* ZHArrayTests.c in Sources */,
				ACA9F77E1CF4977200CF425D /* ZHLinkedListEnumerator.c in Sources */,
				ACF0BD3D1CCFC97E006506CF /* ZHHuman.c in Sources */,
				ACD2FB841CC5104500F91886 /* ZHRunStrutureTask.c in Sources */,
				ACA9F7761CF46EA800CF425D /* ZHLinkedList.c in Sources */,
				ACD15F5C1CC934AA00F7DADF /* ZHStructuresTest.c in Sources */,
				ACD2FB811CC50CB300F91886 /* ZHMacrosOutputFunction.c in Sources */,
				AC03C1B71CB680060039DBC2 /* main.c in Sources */,
				AC2529241CF32D9A0073DB49 /* ZHTestRun.c in Sources */,
				AC03C1C61CB68C990039DBC2 /* ZHPrintTypesVariables.c in Sources */,
				ACCFACDE1D05E65800942E92 /* ZHLinkedListTest.c in Sources */,
				AC03C1C91CB6C6EF0039DBC2 /* ZHRunAplication.c in Sources */,
				AC6796191CEA073C0035AD62 /* ZHString.c in Sources */,
				ACE1A7D51CEA4CC100FB1E03 /* ZHArray.c in Sources */,
				AC03C1C31CB686830039DBC2 /* ZHPrintFunction.c in Sources */,
				ACD15F5F1CC937BF00F7DADF /* ZHPrintNumberFunction.c in Sources */,
				ACA9F77B1CF47BBC00CF425D /* ZHLinkedListNode.c in Sources */,
				ACCDF2021CD25497001E3E5D /* ZHObject.c in Sources */,
			);
			runOnlyForDeploymentPostprocessing = 0;
		};
/* End PBXSourcesBuildPhase section */

/* Begin XCBuildConfiguration section */
		AC03C1B81CB680060039DBC2 /* Debug */ = {
			isa = XCBuildConfiguration;
			buildSettings = {
				ALWAYS_SEARCH_USER_PATHS = NO;
				CLANG_ANALYZER_NONNULL = YES;
				CLANG_CXX_LANGUAGE_STANDARD = "gnu++0x";
				CLANG_CXX_LIBRARY = "libc++";
				CLANG_ENABLE_MODULES = YES;
				CLANG_ENABLE_OBJC_ARC = YES;
				CLANG_WARN_BOOL_CONVERSION = YES;
				CLANG_WARN_CONSTANT_CONVERSION = YES;
				CLANG_WARN_DIRECT_OBJC_ISA_USAGE = YES_ERROR;
				CLANG_WARN_EMPTY_BODY = YES;
				CLANG_WARN_ENUM_CONVERSION = YES;
				CLANG_WARN_INT_CONVERSION = YES;
				CLANG_WARN_OBJC_ROOT_CLASS = YES_ERROR;
				CLANG_WARN_UNREACHABLE_CODE = YES;
				CLANG_WARN__DUPLICATE_METHOD_MATCH = YES;
				CODE_SIGN_IDENTITY = "-";
				COPY_PHASE_STRIP = NO;
				DEBUG_INFORMATION_FORMAT = dwarf;
				ENABLE_STRICT_OBJC_MSGSEND = YES;
				ENABLE_TESTABILITY = YES;
				GCC_C_LANGUAGE_STANDARD = gnu99;
				GCC_DYNAMIC_NO_PIC = NO;
				GCC_NO_COMMON_BLOCKS = YES;
				GCC_OPTIMIZATION_LEVEL = 0;
				GCC_PREPROCESSOR_DEFINITIONS = (
					"DEBUG=1",
					"$(inherited)",
				);
				GCC_WARN_64_TO_32_BIT_CONVERSION = YES;
				GCC_WARN_ABOUT_RETURN_TYPE = YES_ERROR;
				GCC_WARN_UNDECLARED_SELECTOR = YES;
				GCC_WARN_UNINITIALIZED_AUTOS = YES_AGGRESSIVE;
				GCC_WARN_UNUSED_FUNCTION = YES;
				GCC_WARN_UNUSED_VARIABLE = YES;
				MACOSX_DEPLOYMENT_TARGET = 10.10;
				MTL_ENABLE_DEBUG_INFO = YES;
				ONLY_ACTIVE_ARCH = YES;
				SDKROOT = macosx;
			};
			name = Debug;
		};
		AC03C1B91CB680060039DBC2 /* Release */ = {
			isa = XCBuildConfiguration;
			buildSettings = {
				ALWAYS_SEARCH_USER_PATHS = NO;
				CLANG_ANALYZER_NONNULL = YES;
				CLANG_CXX_LANGUAGE_STANDARD = "gnu++0x";
				CLANG_CXX_LIBRARY = "libc++";
				CLANG_ENABLE_MODULES = YES;
				CLANG_ENABLE_OBJC_ARC = YES;
				CLANG_WARN_BOOL_CONVERSION = YES;
				CLANG_WARN_CONSTANT_CONVERSION = YES;
				CLANG_WARN_DIRECT_OBJC_ISA_USAGE = YES_ERROR;
				CLANG_WARN_EMPTY_BODY = YES;
				CLANG_WARN_ENUM_CONVERSION = YES;
				CLANG_WARN_INT_CONVERSION = YES;
				CLANG_WARN_OBJC_ROOT_CLASS = YES_ERROR;
				CLANG_WARN_UNREACHABLE_CODE = YES;
				CLANG_WARN__DUPLICATE_METHOD_MATCH = YES;
				CODE_SIGN_IDENTITY = "-";
				COPY_PHASE_STRIP = NO;
				DEBUG_INFORMATION_FORMAT = "dwarf-with-dsym";
				ENABLE_NS_ASSERTIONS = NO;
				ENABLE_STRICT_OBJC_MSGSEND = YES;
				GCC_C_LANGUAGE_STANDARD = gnu99;
				GCC_NO_COMMON_BLOCKS = YES;
				GCC_WARN_64_TO_32_BIT_CONVERSION = YES;
				GCC_WARN_ABOUT_RETURN_TYPE = YES_ERROR;
				GCC_WARN_UNDECLARED_SELECTOR = YES;
				GCC_WARN_UNINITIALIZED_AUTOS = YES_AGGRESSIVE;
				GCC_WARN_UNUSED_FUNCTION = YES;
				GCC_WARN_UNUSED_VARIABLE = YES;
				MACOSX_DEPLOYMENT_TARGET = 10.10;
				MTL_ENABLE_DEBUG_INFO = NO;
				SDKROOT = macosx;
			};
			name = Release;
		};
		AC03C1BB1CB680060039DBC2 /* Debug */ = {
			isa = XCBuildConfiguration;
			buildSettings = {
				PRODUCT_NAME = "$(TARGET_NAME)";
			};
			name = Debug;
		};
		AC03C1BC1CB680060039DBC2 /* Release */ = {
			isa = XCBuildConfiguration;
			buildSettings = {
				PRODUCT_NAME = "$(TARGET_NAME)";
			};
			name = Release;
		};
/* End XCBuildConfiguration section */

/* Begin XCConfigurationList section */
		AC03C1AE1CB680060039DBC2 /* Build configuration list for PBXProject "Lesson1" */ = {
			isa = XCConfigurationList;
			buildConfigurations = (
				AC03C1B81CB680060039DBC2 /* Debug */,
				AC03C1B91CB680060039DBC2 /* Release */,
			);
			defaultConfigurationIsVisible = 0;
			defaultConfigurationName = Release;
		};
		AC03C1BA1CB680060039DBC2 /* Build configuration list for PBXNativeTarget "Lesson1" */ = {
			isa = XCConfigurationList;
			buildConfigurations = (
				AC03C1BB1CB680060039DBC2 /* Debug */,
				AC03C1BC1CB680060039DBC2 /* Release */,
			);
			defaultConfigurationIsVisible = 0;
			defaultConfigurationName = Release;
		};
/* End XCConfigurationList section */
	};
	rootObject = AC03C1AB1CB680060039DBC2 /* Project object */;
}
